
Microsoft Visual Studio Solution File, Format Version 12.00
# Visual Studio Version 17
VisualStudioVersion = 17.1.32414.318
MinimumVisualStudioVersion = 10.0.40219.1
Project("{FAE04EC0-301F-11D3-BF4B-00C04F79EFBC}") = "Task2", "Task2\Task2.csproj", "{E0B9FFA6-8157-43B7-BB4B-CB2D89D2DE9B}"
EndProject
Project("{FAE04EC0-301F-11D3-BF4B-00C04F79EFBC}") = "Task3", "Task3\Task3.csproj", "{F16B8203-4939-4856-B277-8CFE04B0949F}"
EndProject
Project("{FAE04EC0-301F-11D3-BF4B-00C04F79EFBC}") = "Task5", "Task5\Task5.csproj", "{BE83F56D-9C6B-4F27-905C-054CB816BC9D}"
EndProject
Global
	GlobalSection(SolutionConfigurationPlatforms) = preSolution
		Debug|Any CPU = Debug|Any CPU
		Release|Any CPU = Release|Any CPU
	EndGlobalSection
	GlobalSection(ProjectConfigurationPlatforms) = postSolution
		{E0B9FFA6-8157-43B7-BB4B-CB2D89D2DE9B}.Debug|Any CPU.ActiveCfg = Debug|Any CPU
		{E0B9FFA6-8157-43B7-BB4B-CB2D89D2DE9B}.Debug|Any CPU.Build.0 = Debug|Any CPU
		{E0B9FFA6-8157-43B7-BB4B-CB2D89D2DE9B}.Release|Any CPU.ActiveCfg = Release|Any CPU
		{E0B9FFA6-8157-43B7-BB4B-CB2D89D2DE9B}.Release|Any CPU.Build.0 = Release|Any CPU
		{F16B8203-4939-4856-B277-8CFE04B0949F}.Debug|Any CPU.ActiveCfg = Debug|Any CPU
		{F16B8203-4939-4856-B277-8CFE04B0949F}.Debug|Any CPU.Build.0 = Debug|Any CPU
		{F16B8203-4939-4856-B277-8CFE04B0949F}.Release|Any CPU.ActiveCfg = Release|Any CPU
		{F16B8203-4939-4856-B277-8CFE04B0949F}.Release|Any CPU.Build.0 = Release|Any CPU
		{BE83F56D-9C6B-4F27-905C-054CB816BC9D}.Debug|Any CPU.ActiveCfg = Debug|Any CPU
		{BE83F56D-9C6B-4F27-905C-054CB816BC9D}.Debug|Any CPU.Build.0 = Debug|Any CPU
		{BE83F56D-9C6B-4F27-905C-054CB816BC9D}.Release|Any CPU.ActiveCfg = Release|Any CPU
		{BE83F56D-9C6B-4F27-905C-054CB816BC9D}.Release|Any CPU.Build.0 = Release|Any CPU
	EndGlobalSection
	GlobalSection(SolutionProperties) = preSolution
		HideSolutionNode = FALSE
	EndGlobalSection
	GlobalSection(ExtensibilityGlobals) = postSolution
		SolutionGuid = {0EC6D1CA-68C0-4150-BB12-7D9B39978081}
	EndGlobalSection
EndGlobal
